
Microsoft Visual Studio Solution File, Format Version 12.00
# Visual Studio Version 16
VisualStudioVersion = 16.0.30204.135
MinimumVisualStudioVersion = 10.0.40219.1
Project("{2150E333-8FDC-42A3-9474-1A3956D46DE8}") = "Orders", "Orders", "{33898F60-DA6C-4464-9AE3-8A9EF88739B1}"
EndProject
Project("{2150E333-8FDC-42A3-9474-1A3956D46DE8}") = "Invetory", "Invetory", "{A7DC9412-4F50-405D-AE4B-CE29A4BDAF77}"
EndProject
Project("{2150E333-8FDC-42A3-9474-1A3956D46DE8}") = "Infra", "Infra", "{B5E28DA2-A651-47E4-8E56-B319CE40AD56}"
EndProject
Project("{2150E333-8FDC-42A3-9474-1A3956D46DE8}") = "Models", "Models", "{E16E5320-DB16-4977-9700-06D58C8CCEB0}"
EndProject
Project("{2150E333-8FDC-42A3-9474-1A3956D46DE8}") = "Infra", "Infra", "{41469D87-0E20-4AD0-A0DC-08079AA0479B}"
EndProject
Project("{2150E333-8FDC-42A3-9474-1A3956D46DE8}") = "Models", "Models", "{82A95BB5-C4DE-4B00-A766-0E6B43978077}"
EndProject
Project("{2150E333-8FDC-42A3-9474-1A3956D46DE8}") = "Services", "Services", "{F9DD4341-7F94-4D5B-8E8D-6E36247BE1E3}"
EndProject
Project("{2150E333-8FDC-42A3-9474-1A3956D46DE8}") = "Services", "Services", "{5B8C8F42-D4DD-42C7-B77C-F48C58599E6C}"
EndProject
Project("{FAE04EC0-301F-11D3-BF4B-00C04F79EFBC}") = "DsLine.Inventory.Infra.Repository", "DsLine.Inventory.Infra.Repository\DsLine.Inventory.Infra.Repository.csproj", "{069D1171-1850-431D-8F1C-EAA71F2D2423}"
EndProject
Project("{FAE04EC0-301F-11D3-BF4B-00C04F79EFBC}") = "DsLine.Inventory.Models.Entities", "DsLine.Inventory.Models.Entities\DsLine.Inventory.Models.Entities.csproj", "{8C893B2D-FC8C-4DBC-AF78-CD2F9475471D}"
EndProject
Project("{FAE04EC0-301F-11D3-BF4B-00C04F79EFBC}") = "DsLine.Inventory.Services.Api", "DsLine.Inventory.Services.Api\DsLine.Inventory.Services.Api.csproj", "{2252F0D1-D91D-4617-A732-D0321F1618BD}"
EndProject
Project("{9A19103F-16F7-4668-BE54-9A1E7A4F7556}") = "DsLine.Orders.Models.Entities", "DsLine.Order.Models.Entities\DsLine.Orders.Models.Entities.csproj", "{806213C4-126D-4F2E-AADC-79A3D7E5AD2F}"
EndProject
Project("{9A19103F-16F7-4668-BE54-9A1E7A4F7556}") = "DsLine.Orders.Infra.Repository", "DsLine.Order.Infra.Repository\DsLine.Orders.Infra.Repository.csproj", "{CBE46B53-6600-404D-9AB6-668140A5474C}"
EndProject
Project("{9A19103F-16F7-4668-BE54-9A1E7A4F7556}") = "DsLine.Orders.Services.Api", "DsLine.Order.Services.Api\DsLine.Orders.Services.Api.csproj", "{FA19058E-14E3-4B8D-9CD6-77930BB656B5}"
EndProject
Project("{2150E333-8FDC-42A3-9474-1A3956D46DE8}") = "Core", "Core", "{6E680E93-84AA-4CEF-8ECB-50E42B805991}"
EndProject
Project("{2150E333-8FDC-42A3-9474-1A3956D46DE8}") = "Infra", "Infra", "{B857808F-B203-4DEB-A2EF-0D8D3E8A822C}"
EndProject
Project("{9A19103F-16F7-4668-BE54-9A1E7A4F7556}") = "DsLine.Core.Infra.Repository", "DsLine.Core.Infra.Repository\DsLine.Core.Infra.Repository.csproj", "{2D046B4C-CA8F-4481-AFB5-2CC325804477}"
EndProject
Project("{9A19103F-16F7-4668-BE54-9A1E7A4F7556}") = "DsLine.Core.Models.Entities", "DsLine.Core.Models.Entities\DsLine.Core.Models.Entities.csproj", "{41849635-B619-435C-A9A9-3674EC3305A6}"
EndProject
Project("{2150E333-8FDC-42A3-9474-1A3956D46DE8}") = "Stock", "Stock", "{1312E4E5-5CD0-4DF0-AC00-187850DC98AC}"
EndProject
Project("{2150E333-8FDC-42A3-9474-1A3956D46DE8}") = "Infra", "Infra", "{DD52A3A0-91B6-486A-B544-6111C3612E4E}"
EndProject
Project("{2150E333-8FDC-42A3-9474-1A3956D46DE8}") = "Models", "Models", "{B261706D-37ED-4659-AA35-3884399F3C36}"
EndProject
Project("{2150E333-8FDC-42A3-9474-1A3956D46DE8}") = "Services", "Services", "{274A007C-B4B4-4FC4-8BC7-8FF09368304E}"
EndProject
Project("{9A19103F-16F7-4668-BE54-9A1E7A4F7556}") = "DsLine.Stock.Infra.Repository", "DsLine.Stock.Infra.Repository\DsLine.Stock.Infra.Repository.csproj", "{6BA15A44-B914-4255-B227-04A9B894547B}"
EndProject
Project("{9A19103F-16F7-4668-BE54-9A1E7A4F7556}") = "DsLine.Stock.Models.Entities", "DsLine.Stock.Models.Entities\DsLine.Stock.Models.Entities.csproj", "{C298EB53-D445-4B07-81CD-22ABF3534879}"
EndProject
Project("{9A19103F-16F7-4668-BE54-9A1E7A4F7556}") = "DsLine.Stock.Services.Api", "DsLine.Stock.Services.Api\DsLine.Stock.Services.Api.csproj", "{7C25F666-17AA-4356-B88E-7B9EF9EBE72E}"
EndProject
Project("{E53339B2-1760-4266-BCC7-CA923CBCF16C}") = "docker-compose", "docker-compose.dcproj", "{DAF4F2F4-9C43-4802-A3B8-3123E17C5037}"
EndProject
Project("{2150E333-8FDC-42A3-9474-1A3956D46DE8}") = "rabbitmq", "rabbitmq", "{DD4BE0EA-BEA7-4C4B-B248-480F20C7D589}"
	ProjectSection(SolutionItems) = preProject
		rabbitmq.config\definitions.json = rabbitmq.config\definitions.json
		rabbitmq.config\rabbitmq.config = rabbitmq.config\rabbitmq.config
	EndProjectSection
EndProject
Project("{FAE04EC0-301F-11D3-BF4B-00C04F79EFBC}") = "DsLine.Core.Helper", "..\DsLine.Core.Helper\DsLine.Core.Helper.csproj", "{A6AAC2E0-85EC-45DE-8FD1-18BCCD7C0242}"
EndProject
Global
	GlobalSection(SolutionConfigurationPlatforms) = preSolution
		Debug|Any CPU = Debug|Any CPU
		Release|Any CPU = Release|Any CPU
	EndGlobalSection
	GlobalSection(ProjectConfigurationPlatforms) = postSolution
		{069D1171-1850-431D-8F1C-EAA71F2D2423}.Debug|Any CPU.ActiveCfg = Debug|Any CPU
		{069D1171-1850-431D-8F1C-EAA71F2D2423}.Debug|Any CPU.Build.0 = Debug|Any CPU
		{069D1171-1850-431D-8F1C-EAA71F2D2423}.Release|Any CPU.ActiveCfg = Release|Any CPU
		{069D1171-1850-431D-8F1C-EAA71F2D2423}.Release|Any CPU.Build.0 = Release|Any CPU
		{8C893B2D-FC8C-4DBC-AF78-CD2F9475471D}.Debug|Any CPU.ActiveCfg = Debug|Any CPU
		{8C893B2D-FC8C-4DBC-AF78-CD2F9475471D}.Debug|Any CPU.Build.0 = Debug|Any CPU
		{8C893B2D-FC8C-4DBC-AF78-CD2F9475471D}.Release|Any CPU.ActiveCfg = Release|Any CPU
		{8C893B2D-FC8C-4DBC-AF78-CD2F9475471D}.Release|Any CPU.Build.0 = Release|Any CPU
		{2252F0D1-D91D-4617-A732-D0321F1618BD}.Debug|Any CPU.ActiveCfg = Debug|Any CPU
		{2252F0D1-D91D-4617-A732-D0321F1618BD}.Debug|Any CPU.Build.0 = Debug|Any CPU
		{2252F0D1-D91D-4617-A732-D0321F1618BD}.Release|Any CPU.ActiveCfg = Release|Any CPU
		{2252F0D1-D91D-4617-A732-D0321F1618BD}.Release|Any CPU.Build.0 = Release|Any CPU
		{806213C4-126D-4F2E-AADC-79A3D7E5AD2F}.Debug|Any CPU.ActiveCfg = Debug|Any CPU
		{806213C4-126D-4F2E-AADC-79A3D7E5AD2F}.Debug|Any CPU.Build.0 = Debug|Any CPU
		{806213C4-126D-4F2E-AADC-79A3D7E5AD2F}.Release|Any CPU.ActiveCfg = Release|Any CPU
		{806213C4-126D-4F2E-AADC-79A3D7E5AD2F}.Release|Any CPU.Build.0 = Release|Any CPU
		{CBE46B53-6600-404D-9AB6-668140A5474C}.Debug|Any CPU.ActiveCfg = Debug|Any CPU
		{CBE46B53-6600-404D-9AB6-668140A5474C}.Debug|Any CPU.Build.0 = Debug|Any CPU
		{CBE46B53-6600-404D-9AB6-668140A5474C}.Release|Any CPU.ActiveCfg = Release|Any CPU
		{CBE46B53-6600-404D-9AB6-668140A5474C}.Release|Any CPU.Build.0 = Release|Any CPU
		{FA19058E-14E3-4B8D-9CD6-77930BB656B5}.Debug|Any CPU.ActiveCfg = Debug|Any CPU
		{FA19058E-14E3-4B8D-9CD6-77930BB656B5}.Debug|Any CPU.Build.0 = Debug|Any CPU
		{FA19058E-14E3-4B8D-9CD6-77930BB656B5}.Release|Any CPU.ActiveCfg = Release|Any CPU
		{FA19058E-14E3-4B8D-9CD6-77930BB656B5}.Release|Any CPU.Build.0 = Release|Any CPU
		{2D046B4C-CA8F-4481-AFB5-2CC325804477}.Debug|Any CPU.ActiveCfg = Debug|Any CPU
		{2D046B4C-CA8F-4481-AFB5-2CC325804477}.Debug|Any CPU.Build.0 = Debug|Any CPU
		{2D046B4C-CA8F-4481-AFB5-2CC325804477}.Release|Any CPU.ActiveCfg = Release|Any CPU
		{2D046B4C-CA8F-4481-AFB5-2CC325804477}.Release|Any CPU.Build.0 = Release|Any CPU
		{41849635-B619-435C-A9A9-3674EC3305A6}.Debug|Any CPU.ActiveCfg = Debug|Any CPU
		{41849635-B619-435C-A9A9-3674EC3305A6}.Debug|Any CPU.Build.0 = Debug|Any CPU
		{41849635-B619-435C-A9A9-3674EC3305A6}.Release|Any CPU.ActiveCfg = Release|Any CPU
		{41849635-B619-435C-A9A9-3674EC3305A6}.Release|Any CPU.Build.0 = Release|Any CPU
		{6BA15A44-B914-4255-B227-04A9B894547B}.Debug|Any CPU.ActiveCfg = Debug|Any CPU
		{6BA15A44-B914-4255-B227-04A9B894547B}.Debug|Any CPU.Build.0 = Debug|Any CPU
		{6BA15A44-B914-4255-B227-04A9B894547B}.Release|Any CPU.ActiveCfg = Release|Any CPU
		{6BA15A44-B914-4255-B227-04A9B894547B}.Release|Any CPU.Build.0 = Release|Any CPU
		{C298EB53-D445-4B07-81CD-22ABF3534879}.Debug|Any CPU.ActiveCfg = Debug|Any CPU
		{C298EB53-D445-4B07-81CD-22ABF3534879}.Debug|Any CPU.Build.0 = Debug|Any CPU
		{C298EB53-D445-4B07-81CD-22ABF3534879}.Release|Any CPU.ActiveCfg = Release|Any CPU
		{C298EB53-D445-4B07-81CD-22ABF3534879}.Release|Any CPU.Build.0 = Release|Any CPU
		{7C25F666-17AA-4356-B88E-7B9EF9EBE72E}.Debug|Any CPU.ActiveCfg = Debug|Any CPU
		{7C25F666-17AA-4356-B88E-7B9EF9EBE72E}.Debug|Any CPU.Build.0 = Debug|Any CPU
		{7C25F666-17AA-4356-B88E-7B9EF9EBE72E}.Release|Any CPU.ActiveCfg = Release|Any CPU
		{7C25F666-17AA-4356-B88E-7B9EF9EBE72E}.Release|Any CPU.Build.0 = Release|Any CPU
		{DAF4F2F4-9C43-4802-A3B8-3123E17C5037}.Debug|Any CPU.ActiveCfg = Debug|Any CPU
		{DAF4F2F4-9C43-4802-A3B8-3123E17C5037}.Debug|Any CPU.Build.0 = Debug|Any CPU
		{DAF4F2F4-9C43-4802-A3B8-3123E17C5037}.Release|Any CPU.ActiveCfg = Release|Any CPU
		{DAF4F2F4-9C43-4802-A3B8-3123E17C5037}.Release|Any CPU.Build.0 = Release|Any CPU
		{A6AAC2E0-85EC-45DE-8FD1-18BCCD7C0242}.Debug|Any CPU.ActiveCfg = Debug|Any CPU
		{A6AAC2E0-85EC-45DE-8FD1-18BCCD7C0242}.Debug|Any CPU.Build.0 = Debug|Any CPU
		{A6AAC2E0-85EC-45DE-8FD1-18BCCD7C0242}.Release|Any CPU.ActiveCfg = Release|Any CPU
		{A6AAC2E0-85EC-45DE-8FD1-18BCCD7C0242}.Release|Any CPU.Build.0 = Release|Any CPU
	EndGlobalSection
	GlobalSection(SolutionProperties) = preSolution
		HideSolutionNode = FALSE
	EndGlobalSection
	GlobalSection(NestedProjects) = preSolution
		{B5E28DA2-A651-47E4-8E56-B319CE40AD56} = {A7DC9412-4F50-405D-AE4B-CE29A4BDAF77}
		{E16E5320-DB16-4977-9700-06D58C8CCEB0} = {A7DC9412-4F50-405D-AE4B-CE29A4BDAF77}
		{41469D87-0E20-4AD0-A0DC-08079AA0479B} = {33898F60-DA6C-4464-9AE3-8A9EF88739B1}
		{82A95BB5-C4DE-4B00-A766-0E6B43978077} = {33898F60-DA6C-4464-9AE3-8A9EF88739B1}
		{F9DD4341-7F94-4D5B-8E8D-6E36247BE1E3} = {A7DC9412-4F50-405D-AE4B-CE29A4BDAF77}
		{5B8C8F42-D4DD-42C7-B77C-F48C58599E6C} = {33898F60-DA6C-4464-9AE3-8A9EF88739B1}
		{069D1171-1850-431D-8F1C-EAA71F2D2423} = {B5E28DA2-A651-47E4-8E56-B319CE40AD56}
		{8C893B2D-FC8C-4DBC-AF78-CD2F9475471D} = {E16E5320-DB16-4977-9700-06D58C8CCEB0}
		{2252F0D1-D91D-4617-A732-D0321F1618BD} = {F9DD4341-7F94-4D5B-8E8D-6E36247BE1E3}
		{806213C4-126D-4F2E-AADC-79A3D7E5AD2F} = {82A95BB5-C4DE-4B00-A766-0E6B43978077}
		{CBE46B53-6600-404D-9AB6-668140A5474C} = {41469D87-0E20-4AD0-A0DC-08079AA0479B}
		{FA19058E-14E3-4B8D-9CD6-77930BB656B5} = {5B8C8F42-D4DD-42C7-B77C-F48C58599E6C}
		{B857808F-B203-4DEB-A2EF-0D8D3E8A822C} = {6E680E93-84AA-4CEF-8ECB-50E42B805991}
		{2D046B4C-CA8F-4481-AFB5-2CC325804477} = {B857808F-B203-4DEB-A2EF-0D8D3E8A822C}
		{41849635-B619-435C-A9A9-3674EC3305A6} = {B857808F-B203-4DEB-A2EF-0D8D3E8A822C}
		{DD52A3A0-91B6-486A-B544-6111C3612E4E} = {1312E4E5-5CD0-4DF0-AC00-187850DC98AC}
		{B261706D-37ED-4659-AA35-3884399F3C36} = {1312E4E5-5CD0-4DF0-AC00-187850DC98AC}
		{274A007C-B4B4-4FC4-8BC7-8FF09368304E} = {1312E4E5-5CD0-4DF0-AC00-187850DC98AC}
		{6BA15A44-B914-4255-B227-04A9B894547B} = {DD52A3A0-91B6-486A-B544-6111C3612E4E}
		{C298EB53-D445-4B07-81CD-22ABF3534879} = {B261706D-37ED-4659-AA35-3884399F3C36}
		{7C25F666-17AA-4356-B88E-7B9EF9EBE72E} = {274A007C-B4B4-4FC4-8BC7-8FF09368304E}
		{A6AAC2E0-85EC-45DE-8FD1-18BCCD7C0242} = {6E680E93-84AA-4CEF-8ECB-50E42B805991}
	EndGlobalSection
	GlobalSection(ExtensibilityGlobals) = postSolution
		SolutionGuid = {4917E892-F5BB-4063-9521-2572086C2857}
	EndGlobalSection
EndGlobal
